
Microsoft Visual Studio Solution File, Format Version 12.00
# Visual Studio Version 16
VisualStudioVersion = 16.0.810.17
MinimumVisualStudioVersion = 10.0.40219.1
Project("{FAE04EC0-301F-11D3-BF4B-00C04F79EFBC}") = "NewTemperatureApp4", "NewTemperatureApp4\NewTemperatureApp4.csproj", "{72EAE136-B961-4519-8ADA-FE66CAC23C58}"
EndProject
Global
	GlobalSection(SolutionConfigurationPlatforms) = preSolution
		Debug|iPhoneSimulator = Debug|iPhoneSimulator
		Release|iPhoneSimulator = Release|iPhoneSimulator
		Debug|iPhone = Debug|iPhone
		Release|iPhone = Release|iPhone
	EndGlobalSection
	GlobalSection(ProjectConfigurationPlatforms) = postSolution
		{72EAE136-B961-4519-8ADA-FE66CAC23C58}.Debug|iPhoneSimulator.ActiveCfg = Debug|iPhoneSimulator
		{72EAE136-B961-4519-8ADA-FE66CAC23C58}.Debug|iPhoneSimulator.Build.0 = Debug|iPhoneSimulator
		{72EAE136-B961-4519-8ADA-FE66CAC23C58}.Release|iPhoneSimulator.ActiveCfg = Release|iPhoneSimulator
		{72EAE136-B961-4519-8ADA-FE66CAC23C58}.Release|iPhoneSimulator.Build.0 = Release|iPhoneSimulator
		{72EAE136-B961-4519-8ADA-FE66CAC23C58}.Debug|iPhone.ActiveCfg = Debug|iPhone
		{72EAE136-B961-4519-8ADA-FE66CAC23C58}.Debug|iPhone.Build.0 = Debug|iPhone
		{72EAE136-B961-4519-8ADA-FE66CAC23C58}.Release|iPhone.ActiveCfg = Release|iPhone
		{72EAE136-B961-4519-8ADA-FE66CAC23C58}.Release|iPhone.Build.0 = Release|iPhone
	EndGlobalSection
	GlobalSection(SolutionProperties) = preSolution
		HideSolutionNode = FALSE
	EndGlobalSection
	GlobalSection(ExtensibilityGlobals) = postSolution
		SolutionGuid = {91D7B255-A0BB-4BD2-A775-63C5F1EE17A7}
	EndGlobalSection
EndGlobal
